<Solution>
  <Project Path="CustomPlugin/CustomPlugin.csproj" />
  <Project Path="TradePlugin.Abstractions/TradingPlugin.Abstractions.csproj" Id="01e9d3cb-ac21-4f31-8238-27f19734a9cf" />
  <Project Path="Trading.BaseModels/Trading.BaseModels.csproj" Id="de523245-1cde-493a-b98a-97f062988d64" />
  <Project Path="Trading.BusinessModels/Trading.BusinessModels.csproj" Id="8c397da1-51f6-4a81-b50a-8acae1a87a4f" />
  <Project Path="Trading.Configurations/Trading.Configurations.csproj" />
  <Project Path="Trading.SharesApi/Trading.SharesApi.csproj" Id="1d0a65a2-c1da-4d6f-8008-1c4cb12fb13b" />
  <Project Path="TradingPlugin.Framework/TradingPlugin.Framework.csproj" Id="6896422f-b66a-4689-98b0-0c85707ab9a2" />
</Solution>
